
Microsoft Visual Studio Solution File, Format Version 12.00
Project("{FAE04EC0-301F-11D3-BF4B-00C04F79EFBC}") = "GestaoResidencial.Api", "src\GestaoResidencial.Api\GestaoResidencial.Api.csproj", "{00744B01-A51E-4475-9DF8-D6412C5531A9}"
EndProject
Project("{2150E333-8FDC-42A3-9474-1A3956D46DE8}") = "tests", "tests", "{0AB3BF05-4346-4AA6-1389-037BE0695223}"
EndProject
Project("{FAE04EC0-301F-11D3-BF4B-00C04F79EFBC}") = "GestaoResidencial.UnitTests", "tests\GestaoResidencial.UnitTests\GestaoResidencial.UnitTests.csproj", "{012A5628-50CC-4518-AFC7-9F5C29241E53}"
EndProject
Project("{FAE04EC0-301F-11D3-BF4B-00C04F79EFBC}") = "GestaoResidencial.IntegrationTests", "tests\GestaoResidencial.IntegrationTests\GestaoResidencial.IntegrationTests.csproj", "{A5F20008-1714-4B2D-9B57-8C9B556CA949}"
EndProject
Global
	GlobalSection(SolutionConfigurationPlatforms) = preSolution
		Debug|Any CPU = Debug|Any CPU
		Debug|x64 = Debug|x64
		Debug|x86 = Debug|x86
		Release|Any CPU = Release|Any CPU
		Release|x64 = Release|x64
		Release|x86 = Release|x86
	EndGlobalSection
	GlobalSection(ProjectConfigurationPlatforms) = postSolution
		{00744B01-A51E-4475-9DF8-D6412C5531A9}.Debug|Any CPU.ActiveCfg = Debug|Any CPU
		{00744B01-A51E-4475-9DF8-D6412C5531A9}.Debug|Any CPU.Build.0 = Debug|Any CPU
		{00744B01-A51E-4475-9DF8-D6412C5531A9}.Debug|x64.ActiveCfg = Debug|Any CPU
		{00744B01-A51E-4475-9DF8-D6412C5531A9}.Debug|x64.Build.0 = Debug|Any CPU
		{00744B01-A51E-4475-9DF8-D6412C5531A9}.Debug|x86.ActiveCfg = Debug|Any CPU
		{00744B01-A51E-4475-9DF8-D6412C5531A9}.Debug|x86.Build.0 = Debug|Any CPU
		{00744B01-A51E-4475-9DF8-D6412C5531A9}.Release|Any CPU.ActiveCfg = Release|Any CPU
		{00744B01-A51E-4475-9DF8-D6412C5531A9}.Release|Any CPU.Build.0 = Release|Any CPU
		{00744B01-A51E-4475-9DF8-D6412C5531A9}.Release|x64.ActiveCfg = Release|Any CPU
		{00744B01-A51E-4475-9DF8-D6412C5531A9}.Release|x64.Build.0 = Release|Any CPU
		{00744B01-A51E-4475-9DF8-D6412C5531A9}.Release|x86.ActiveCfg = Release|Any CPU
		{00744B01-A51E-4475-9DF8-D6412C5531A9}.Release|x86.Build.0 = Release|Any CPU
		{012A5628-50CC-4518-AFC7-9F5C29241E53}.Debug|Any CPU.ActiveCfg = Debug|Any CPU
		{012A5628-50CC-4518-AFC7-9F5C29241E53}.Debug|Any CPU.Build.0 = Debug|Any CPU
		{012A5628-50CC-4518-AFC7-9F5C29241E53}.Debug|x64.ActiveCfg = Debug|Any CPU
		{012A5628-50CC-4518-AFC7-9F5C29241E53}.Debug|x64.Build.0 = Debug|Any CPU
		{012A5628-50CC-4518-AFC7-9F5C29241E53}.Debug|x86.ActiveCfg = Debug|Any CPU
		{012A5628-50CC-4518-AFC7-9F5C29241E53}.Debug|x86.Build.0 = Debug|Any CPU
		{012A5628-50CC-4518-AFC7-9F5C29241E53}.Release|Any CPU.ActiveCfg = Release|Any CPU
		{012A5628-50CC-4518-AFC7-9F5C29241E53}.Release|Any CPU.Build.0 = Release|Any CPU
		{012A5628-50CC-4518-AFC7-9F5C29241E53}.Release|x64.ActiveCfg = Release|Any CPU
		{012A5628-50CC-4518-AFC7-9F5C29241E53}.Release|x64.Build.0 = Release|Any CPU
		{012A5628-50CC-4518-AFC7-9F5C29241E53}.Release|x86.ActiveCfg = Release|Any CPU
		{012A5628-50CC-4518-AFC7-9F5C29241E53}.Release|x86.Build.0 = Release|Any CPU
		{A5F20008-1714-4B2D-9B57-8C9B556CA949}.Debug|Any CPU.ActiveCfg = Debug|Any CPU
		{A5F20008-1714-4B2D-9B57-8C9B556CA949}.Debug|Any CPU.Build.0 = Debug|Any CPU
		{A5F20008-1714-4B2D-9B57-8C9B556CA949}.Debug|x64.ActiveCfg = Debug|Any CPU
		{A5F20008-1714-4B2D-9B57-8C9B556CA949}.Debug|x64.Build.0 = Debug|Any CPU
		{A5F20008-1714-4B2D-9B57-8C9B556CA949}.Debug|x86.ActiveCfg = Debug|Any CPU
		{A5F20008-1714-4B2D-9B57-8C9B556CA949}.Debug|x86.Build.0 = Debug|Any CPU
		{A5F20008-1714-4B2D-9B57-8C9B556CA949}.Release|Any CPU.ActiveCfg = Release|Any CPU
		{A5F20008-1714-4B2D-9B57-8C9B556CA949}.Release|Any CPU.Build.0 = Release|Any CPU
		{A5F20008-1714-4B2D-9B57-8C9B556CA949}.Release|x64.ActiveCfg = Release|Any CPU
		{A5F20008-1714-4B2D-9B57-8C9B556CA949}.Release|x64.Build.0 = Release|Any CPU
		{A5F20008-1714-4B2D-9B57-8C9B556CA949}.Release|x86.ActiveCfg = Release|Any CPU
		{A5F20008-1714-4B2D-9B57-8C9B556CA949}.Release|x86.Build.0 = Release|Any CPU
	EndGlobalSection
	GlobalSection(SolutionProperties) = preSolution
		HideSolutionNode = FALSE
	EndGlobalSection
	GlobalSection(NestedProjects) = preSolution
		{012A5628-50CC-4518-AFC7-9F5C29241E53} = {0AB3BF05-4346-4AA6-1389-037BE0695223}
		{A5F20008-1714-4B2D-9B57-8C9B556CA949} = {0AB3BF05-4346-4AA6-1389-037BE0695223}
	EndGlobalSection
EndGlobal
